PODS:
  - FlutterMacOS (1.0.0)
  - network_info_plus_macos (0.0.1):
    - FlutterMacOS
    - Reachability
  - package_info_plus_macos (0.0.1):
    - FlutterMacOS
  - Reachability (3.2)
  - shared_preferences_macos (0.0.1):
    - FlutterMacOS
  - url_launcher_macos (0.0.1):
    - FlutterMacOS

DEPENDENCIES:
  - FlutterMacOS (from `Flutter/ephemeral`)
  - network_info_plus_macos (from `Flutter/ephemeral/.symlinks/plugins/network_info_plus_macos/macos`)
  - package_info_plus_macos (from `Flutter/ephemeral/.symlinks/plugins/package_info_plus_macos/macos`)
  - shared_preferences_macos (from `Flutter/ephemeral/.symlinks/plugins/shared_preferences_macos/macos`)
  - url_launcher_macos (from `Flutter/ephemeral/.symlinks/plugins/url_launcher_macos/macos`)

SPEC REPOS:
  trunk:
    - Reachability

EXTERNAL SOURCES:
  FlutterMacOS:
    :path: Flutter/ephemeral
  network_info_plus_macos:
    :path: Flutter/ephemeral/.symlinks/plugins/network_info_plus_macos/macos
  package_info_plus_macos:
    :path: Flutter/ephemeral/.symlinks/plugins/package_info_plus_macos/macos
  shared_preferences_macos:
    :path: Flutter/ephemeral/.symlinks/plugins/shared_preferences_macos/macos
  url_launcher_macos:
    :path: Flutter/ephemeral/.symlinks/plugins/url_launcher_macos/macos

SPEC CHECKSUMS:
  FlutterMacOS: 57701585bf7de1b3fc2bb61f6378d73bbdea8424
  network_info_plus_macos: 38ec4a578ecdfcddab609f61da3026d0b32900e5
  package_info_plus_macos: f010621b07802a241d96d01876d6705f15e77c1c
  Reachability: 33e18b67625424e47b6cde6d202dce689ad7af96
  shared_preferences_macos: 480ce071d0666e37cef23fe6c702293a3d21799e
  url_launcher_macos: 45af3d61de06997666568a7149c1be98b41c95d4

PODFILE CHECKSUM: 0d699906c996365b631c16e9324c11dbcc3b17e7

COCOAPODS: 1.10.1
